
Microsoft Visual Studio Solution File, Format Version 12.00
# Visual Studio Version 16
VisualStudioVersion = 25.0.1706.0
MinimumVisualStudioVersion = 10.0.40219.1
Project("{FAE04EC0-301F-11D3-BF4B-00C04F79EFBC}") = "SO75817635", "SO75817635\SO75817635.csproj", "{2A33F231-5054-4C42-B8D4-C21F25D40FBD}"
EndProject
Global
	GlobalSection(SolutionConfigurationPlatforms) = preSolution
		Debug|Any CPU = Debug|Any CPU
		Release|Any CPU = Release|Any CPU
	EndGlobalSection
	GlobalSection(ProjectConfigurationPlatforms) = postSolution
		{2A33F231-5054-4C42-B8D4-C21F25D40FBD}.Debug|Any CPU.ActiveCfg = Debug|Any CPU
		{2A33F231-5054-4C42-B8D4-C21F25D40FBD}.Debug|Any CPU.Build.0 = Debug|Any CPU
		{2A33F231-5054-4C42-B8D4-C21F25D40FBD}.Release|Any CPU.ActiveCfg = Release|Any CPU
		{2A33F231-5054-4C42-B8D4-C21F25D40FBD}.Release|Any CPU.Build.0 = Release|Any CPU
	EndGlobalSection
	GlobalSection(SolutionProperties) = preSolution
		HideSolutionNode = FALSE
	EndGlobalSection
	GlobalSection(ExtensibilityGlobals) = postSolution
		SolutionGuid = {735FD2BF-C598-40EA-A449-6F8D41D69325}
	EndGlobalSection
EndGlobal
